{
  "name": "plantt",
  "lockfileVersion": 3,
  "requires": true,
  "packages": {
    "": {
      "dependencies": {
        "jquery": "^3.7.1",
        "jquery-ui": "^1.14.0"
      }
    },
    "node_modules/jquery": {
      "version": "3.7.1",
      "resolved": "https://registry.npmjs.org/jquery/-/jquery-3.7.1.tgz",
      "integrity": "sha512-m4avr8yL8kmFN8psrbFFFmB/If14iN5o9nw/NgnnM+kybDJpRsAynV2BsfpTYrTRysYUdADVD7CkUUizgkpLfg==",
      "license": "MIT"
    },
    "node_modules/jquery-ui": {
      "version": "1.14.0",
      "resolved": "https://registry.npmjs.org/jquery-ui/-/jquery-ui-1.14.0.tgz",
      "integrity": "sha512-mPfYKBoRCf0MzaT2cyW5i3IuZ7PfTITaasO5OFLAQxrHuI+ZxruPa+4/K1OMNT8oElLWGtIxc9aRbyw20BKr8g==",
      "license": "MIT",
      "dependencies": {
        "jquery": ">=1.12.0 <5.0.0"
      }
    }
  }
}
